
Microsoft Visual Studio Solution File, Format Version 12.00
# Visual Studio Version 16
VisualStudioVersion = 16.0.31205.134
MinimumVisualStudioVersion = 10.0.40219.1
Project("{9A19103F-16F7-4668-BE54-9A1E7A4F7556}") = "HeadlessArchitect.Website", "HeadlessArchitect.Website\HeadlessArchitect.Website.csproj", "{876784F4-5087-4BC9-B614-286953D692C6}"
EndProject
Project("{FAE04EC0-301F-11D3-BF4B-00C04F79EFBC}") = "HeadlessArchitect.Core", "HeadlessArchitect.Core.Models\HeadlessArchitect.Core.csproj", "{64BFF6EC-942D-4EC3-9320-155BD84B4442}"
EndProject
Global
	GlobalSection(SolutionConfigurationPlatforms) = preSolution
		Debug|Any CPU = Debug|Any CPU
		Release|Any CPU = Release|Any CPU
	EndGlobalSection
	GlobalSection(ProjectConfigurationPlatforms) = postSolution
		{876784F4-5087-4BC9-B614-286953D692C6}.Debug|Any CPU.ActiveCfg = Debug|Any CPU
		{876784F4-5087-4BC9-B614-286953D692C6}.Debug|Any CPU.Build.0 = Debug|Any CPU
		{876784F4-5087-4BC9-B614-286953D692C6}.Release|Any CPU.ActiveCfg = Release|Any CPU
		{876784F4-5087-4BC9-B614-286953D692C6}.Release|Any CPU.Build.0 = Release|Any CPU
		{64BFF6EC-942D-4EC3-9320-155BD84B4442}.Debug|Any CPU.ActiveCfg = Debug|Any CPU
		{64BFF6EC-942D-4EC3-9320-155BD84B4442}.Debug|Any CPU.Build.0 = Debug|Any CPU
		{64BFF6EC-942D-4EC3-9320-155BD84B4442}.Release|Any CPU.ActiveCfg = Release|Any CPU
		{64BFF6EC-942D-4EC3-9320-155BD84B4442}.Release|Any CPU.Build.0 = Release|Any CPU
	EndGlobalSection
	GlobalSection(SolutionProperties) = preSolution
		HideSolutionNode = FALSE
	EndGlobalSection
	GlobalSection(ExtensibilityGlobals) = postSolution
		SolutionGuid = {15A82C02-57B7-4346-9AD1-E1D3F6E8CE3F}
	EndGlobalSection
EndGlobal
